
Microsoft Visual Studio Solution File, Format Version 12.00
# Visual Studio Version 17
VisualStudioVersion = 17.5.33414.496
MinimumVisualStudioVersion = 10.0.40219.1
Project("{FAE04EC0-301F-11D3-BF4B-00C04F79EFBC}") = "ORM-and-Dapper Ex2", "ORM-and-Dapper Ex2\ORM-and-Dapper Ex2.csproj", "{8975732B-C7E6-40EF-959C-1E0BC9BAD080}"
EndProject
Global
	GlobalSection(SolutionConfigurationPlatforms) = preSolution
		Debug|Any CPU = Debug|Any CPU
		Release|Any CPU = Release|Any CPU
	EndGlobalSection
	GlobalSection(ProjectConfigurationPlatforms) = postSolution
		{8975732B-C7E6-40EF-959C-1E0BC9BAD080}.Debug|Any CPU.ActiveCfg = Debug|Any CPU
		{8975732B-C7E6-40EF-959C-1E0BC9BAD080}.Debug|Any CPU.Build.0 = Debug|Any CPU
		{8975732B-C7E6-40EF-959C-1E0BC9BAD080}.Release|Any CPU.ActiveCfg = Release|Any CPU
		{8975732B-C7E6-40EF-959C-1E0BC9BAD080}.Release|Any CPU.Build.0 = Release|Any CPU
	EndGlobalSection
	GlobalSection(SolutionProperties) = preSolution
		HideSolutionNode = FALSE
	EndGlobalSection
	GlobalSection(ExtensibilityGlobals) = postSolution
		SolutionGuid = {8DB98D17-7901-49E8-BC08-0FCBE321550D}
	EndGlobalSection
EndGlobal
